
Microsoft Visual Studio Solution File, Format Version 12.00
# Visual Studio 15
Project("{FAE04EC0-301F-11D3-BF4B-00C04F79EFBC}") = "PlayAD", "PlayAD.csproj", "{CD56F27B-8812-255F-B94A-5E3485B8F8BD}"
EndProject
Project("{FAE04EC0-301F-11D3-BF4B-00C04F79EFBC}") = "LobbyAD", "LobbyAD.csproj", "{7922C22B-E053-CB72-ED23-1B545CCEE2DD}"
EndProject
Project("{FAE04EC0-301F-11D3-BF4B-00C04F79EFBC}") = "Assembly-CSharp", "Assembly-CSharp.csproj", "{7D3BAECF-8CE3-4851-728A-7DC0F37DC4A0}"
EndProject
Project("{FAE04EC0-301F-11D3-BF4B-00C04F79EFBC}") = "MainAD", "MainAD.csproj", "{B4D3C5E7-646B-0DCA-0D03-35FA4900A822}"
EndProject
Project("{FAE04EC0-301F-11D3-BF4B-00C04F79EFBC}") = "Assembly-CSharp-Editor", "Assembly-CSharp-Editor.csproj", "{4766C5A6-BC80-8974-F792-71E7AF6AD788}"
EndProject
Global
	GlobalSection(SolutionConfigurationPlatforms) = preSolution
		Debug|Any CPU = Debug|Any CPU
		Release|Any CPU = Release|Any CPU
	EndGlobalSection
	GlobalSection(ProjectConfigurationPlatforms) = postSolution
		{CD56F27B-8812-255F-B94A-5E3485B8F8BD}.Debug|Any CPU.ActiveCfg = Debug|Any CPU
		{CD56F27B-8812-255F-B94A-5E3485B8F8BD}.Debug|Any CPU.Build.0 = Debug|Any CPU
		{CD56F27B-8812-255F-B94A-5E3485B8F8BD}.Release|Any CPU.ActiveCfg = Release|Any CPU
		{CD56F27B-8812-255F-B94A-5E3485B8F8BD}.Release|Any CPU.Build.0 = Release|Any CPU
		{7922C22B-E053-CB72-ED23-1B545CCEE2DD}.Debug|Any CPU.ActiveCfg = Debug|Any CPU
		{7922C22B-E053-CB72-ED23-1B545CCEE2DD}.Debug|Any CPU.Build.0 = Debug|Any CPU
		{7922C22B-E053-CB72-ED23-1B545CCEE2DD}.Release|Any CPU.ActiveCfg = Release|Any CPU
		{7922C22B-E053-CB72-ED23-1B545CCEE2DD}.Release|Any CPU.Build.0 = Release|Any CPU
		{7D3BAECF-8CE3-4851-728A-7DC0F37DC4A0}.Debug|Any CPU.ActiveCfg = Debug|Any CPU
		{7D3BAECF-8CE3-4851-728A-7DC0F37DC4A0}.Debug|Any CPU.Build.0 = Debug|Any CPU
		{7D3BAECF-8CE3-4851-728A-7DC0F37DC4A0}.Release|Any CPU.ActiveCfg = Release|Any CPU
		{7D3BAECF-8CE3-4851-728A-7DC0F37DC4A0}.Release|Any CPU.Build.0 = Release|Any CPU
		{B4D3C5E7-646B-0DCA-0D03-35FA4900A822}.Debug|Any CPU.ActiveCfg = Debug|Any CPU
		{B4D3C5E7-646B-0DCA-0D03-35FA4900A822}.Debug|Any CPU.Build.0 = Debug|Any CPU
		{B4D3C5E7-646B-0DCA-0D03-35FA4900A822}.Release|Any CPU.ActiveCfg = Release|Any CPU
		{B4D3C5E7-646B-0DCA-0D03-35FA4900A822}.Release|Any CPU.Build.0 = Release|Any CPU
		{4766C5A6-BC80-8974-F792-71E7AF6AD788}.Debug|Any CPU.ActiveCfg = Debug|Any CPU
		{4766C5A6-BC80-8974-F792-71E7AF6AD788}.Debug|Any CPU.Build.0 = Debug|Any CPU
		{4766C5A6-BC80-8974-F792-71E7AF6AD788}.Release|Any CPU.ActiveCfg = Release|Any CPU
		{4766C5A6-BC80-8974-F792-71E7AF6AD788}.Release|Any CPU.Build.0 = Release|Any CPU
	EndGlobalSection
	GlobalSection(SolutionProperties) = preSolution
		HideSolutionNode = FALSE
	EndGlobalSection
EndGlobal
